{
  "name": "xke-partytown",
  "version": "1.0.0",
  "lockfileVersion": 2,
  "requires": true,
  "packages": {
    "": {
      "name": "xke-partytown",
      "version": "1.0.0",
      "license": "ISC",
      "dependencies": {
        "@builder.io/partytown": "^0.6.2"
      }
    },
    "node_modules/@builder.io/partytown": {
      "version": "0.6.2",
      "resolved": "https://registry.npmjs.org/@builder.io/partytown/-/partytown-0.6.2.tgz",
      "integrity": "sha512-2wSTB7v3176Mzfu+gTGm+I7MAALeOpvATQ5qf+NUMLfeuvVEX/eWxcJPrrIy7UcoQyT3Mm6Tsb2sfBqJy4R4EQ==",
      "bin": {
        "partytown": "bin/partytown.cjs"
      }
    }
  },
  "dependencies": {
    "@builder.io/partytown": {
      "version": "0.6.2",
      "resolved": "https://registry.npmjs.org/@builder.io/partytown/-/partytown-0.6.2.tgz",
      "integrity": "sha512-2wSTB7v3176Mzfu+gTGm+I7MAALeOpvATQ5qf+NUMLfeuvVEX/eWxcJPrrIy7UcoQyT3Mm6Tsb2sfBqJy4R4EQ=="
    }
  }
}
